// !$*UTF8*$!
{
	archiveVersion = 1;
	classes = {
	};
	objectVersion = 50;
	objects = {

/* Begin PBXBuildFile section */
		EC571756246C68F0006ECBBA /* AppDelegate.swift in Sources */ = {isa = PBXBuildFile; fileRef = EC571755246C68F0006ECBBA /* AppDelegate.swift */; };
		EC571758246C68F0006ECBBA /* SceneDelegate.swift in Sources */ = {isa = PBXBuildFile; fileRef = EC571757246C68F0006ECBBA /* SceneDelegate.swift */; };
		EC57175A246C68F0006ECBBA /* ViewController.swift in Sources */ = {isa = PBXBuildFile; fileRef = EC571759246C68F0006ECBBA /* ViewController.swift */; };
		EC57175D246C68F0006ECBBA /* Main.storyboard in Resources */ = {isa = PBXBuildFile; fileRef = EC57175B246C68F0006ECBBA /* Main.storyboard */; };
		EC57175F246C68F2006ECBBA /* Assets.xcassets in Resources */ = {isa = PBXBuildFile; fileRef = EC57175E246C68F2006ECBBA /* Assets.xcassets */; };
		EC571762246C68F2006ECBBA /* LaunchScreen.storyboard in Resources */ = {isa = PBXBuildFile; fileRef = EC571760246C68F2006ECBBA /* LaunchScreen.storyboard */; };
/* End PBXBuildFile section */

/* Begin PBXFileReference section */
		EC571752246C68F0006ECBBA /* SwiftLessons.app */ = {isa = PBXFileReference; explicitFileType = wrapper.application; includeInIndex = 0; path = SwiftLessons.app; sourceTree = BUILT_PRODUCTS_DIR; };
		EC571755246C68F0006ECBBA /* AppDelegate.swift */ = {isa = PBXFileReference; lastKnownFileType = sourcecode.swift; path = AppDelegate.swift; sourceTree = "<group>"; };
		EC571757246C68F0006ECBBA /* SceneDelegate.swift */ = {isa = PBXFileReference; lastKnownFileType = sourcecode.swift; path = SceneDelegate.swift; sourceTree = "<group>"; };
		EC571759246C68F0006ECBBA /* ViewController.swift */ = {isa = PBXFileReference; lastKnownFileType = sourcecode.swift; path = ViewController.swift; sourceTree = "<group>"; };
		EC57175C246C68F0006ECBBA /* Base */ = {isa = PBXFileReference; lastKnownFileType = file.storyboard; name = Base; path = Base.lproj/Main.storyboard; sourceTree = "<group>"; };
		EC57175E246C68F2006ECBBA /* Assets.xcassets */ = {isa = PBXFileReference; lastKnownFileType = folder.assetcatalog; path = Assets.xcassets; sourceTree = "<group>"; };
		EC571761246C68F2006ECBBA /* Base */ = {isa = PBXFileReference; lastKnownFileType = file.storyboard; name = Base; path = Base.lproj/LaunchScreen.storyboard; sourceTree = "<group>"; };
		EC571763246C68F2006ECBBA /* Info.plist */ = {isa = PBXFileReference; lastKnownFileType = text.plist.xml; path = Info.plist; sourceTree = "<group>"; };
		EC57176A246C692F006ECBBA /* 1l_Kadyrov_Ilya.playground */ = {isa = PBXFileReference; lastKnownFileType = file.playground; path = 1l_Kadyrov_Ilya.playground; sourceTree = "<group>"; xcLanguageSpecificationIdentifier = xcode.lang.swift; };
		EC57176C246DB40B006ECBBA /* cw_2.playground */ = {isa = PBXFileReference; lastKnownFileType = file.playground; path = cw_2.playground; sourceTree = "<group>"; xcLanguageSpecificationIdentifier = xcode.lang.swift; };
		EC5F291124747388004B4BAA /* 3lKadyrov_Ilya.playground */ = {isa = PBXFileReference; lastKnownFileType = file.playground; path = 3lKadyrov_Ilya.playground; sourceTree = "<group>"; xcLanguageSpecificationIdentifier = xcode.lang.swift; };
		EC6F69A0247F0F3800947675 /* 5lKadyrov_Ilya.playground */ = {isa = PBXFileReference; lastKnownFileType = file.playground; path = 5lKadyrov_Ilya.playground; sourceTree = "<group>"; xcLanguageSpecificationIdentifier = xcode.lang.swift; };
		ECA9A9032479AEAD004534AA /* 4l_Kadyrov_Ilya.playground */ = {isa = PBXFileReference; lastKnownFileType = file.playground; path = 4l_Kadyrov_Ilya.playground; sourceTree = "<group>"; xcLanguageSpecificationIdentifier = xcode.lang.swift; };
		ECB27C3F2476F1A100077880 /* cw_4.playground */ = {isa = PBXFileReference; lastKnownFileType = file.playground; path = cw_4.playground; sourceTree = "<group>"; xcLanguageSpecificationIdentifier = xcode.lang.swift; };
		ECB5A1C7247014850079FFB2 /* 2lKadyrov_Ilya.playground */ = {isa = PBXFileReference; lastKnownFileType = file.playground; path = 2lKadyrov_Ilya.playground; sourceTree = "<group>"; xcLanguageSpecificationIdentifier = xcode.lang.swift; };
/* End PBXFileReference section */

/* Begin PBXFrameworksBuildPhase section */
		EC57174F246C68F0006ECBBA /* Frameworks */ = {
			isa = PBXFrameworksBuildPhase;
			buildActionMask = 2147483647;
			files = (
			);
			runOnlyForDeploymentPostprocessing = 0;
		};
/* End PBXFrameworksBuildPhase section */

/* Begin PBXGroup section */
		EC571749246C68F0006ECBBA = {
			isa = PBXGroup;
			children = (
				EC571754246C68F0006ECBBA /* SwiftLessons */,
				EC571753246C68F0006ECBBA /* Products */,
			);
			sourceTree = "<group>";
		};
		EC571753246C68F0006ECBBA /* Products */ = {
			isa = PBXGroup;
			children = (
				EC571752246C68F0006ECBBA /* SwiftLessons.app */,
			);
			name = Products;
			sourceTree = "<group>";
		};
		EC571754246C68F0006ECBBA /* SwiftLessons */ = {
			isa = PBXGroup;
			children = (
				EC57176B246DB3EC006ECBBA /* ClassWorks */,
				EC571769246C68F8006ECBBA /* HomeWorks */,
				EC571755246C68F0006ECBBA /* AppDelegate.swift */,
				EC571757246C68F0006ECBBA /* SceneDelegate.swift */,
				EC571759246C68F0006ECBBA /* ViewController.swift */,
				EC57175B246C68F0006ECBBA /* Main.storyboard */,
				EC57175E246C68F2006ECBBA /* Assets.xcassets */,
				EC571760246C68F2006ECBBA /* LaunchScreen.storyboard */,
				EC571763246C68F2006ECBBA /* Info.plist */,
			);
			path = SwiftLessons;
			sourceTree = "<group>";
		};
		EC571769246C68F8006ECBBA /* HomeWorks */ = {
			isa = PBXGroup;
			children = (
				EC57176A246C692F006ECBBA /* 1l_Kadyrov_Ilya.playground */,
				ECB5A1C7247014850079FFB2 /* 2lKadyrov_Ilya.playground */,
				EC5F291124747388004B4BAA /* 3lKadyrov_Ilya.playground */,
				ECA9A9032479AEAD004534AA /* 4l_Kadyrov_Ilya.playground */,
				EC6F69A0247F0F3800947675 /* 5lKadyrov_Ilya.playground */,
			);
			path = HomeWorks;
			sourceTree = "<group>";
		};
		EC57176B246DB3EC006ECBBA /* ClassWorks */ = {
			isa = PBXGroup;
			children = (
				EC57176C246DB40B006ECBBA /* cw_2.playground */,
				ECB27C3F2476F1A100077880 /* cw_4.playground */,
			);
			path = ClassWorks;
			sourceTree = "<group>";
		};
/* End PBXGroup section */

/* Begin PBXNativeTarget section */
		EC571751246C68F0006ECBBA /* SwiftLessons */ = {
			isa = PBXNativeTarget;
			buildConfigurationList = EC571766246C68F2006ECBBA /* Build configuration list for PBXNativeTarget "SwiftLessons" */;
			buildPhases = (
				EC57174E246C68F0006ECBBA /* Sources */,
				EC57174F246C68F0006ECBBA /* Frameworks */,
				EC571750246C68F0006ECBBA /* Resources */,
			);
			buildRules = (
			);
			dependencies = (
			);
			name = SwiftLessons;
			productName = SwiftLessons;
			productReference = EC571752246C68F0006ECBBA /* SwiftLessons.app */;
			productType = "com.apple.product-type.application";
		};
/* End PBXNativeTarget section */

/* Begin PBXProject section */
		EC57174A246C68F0006ECBBA /* Project object */ = {
			isa = PBXProject;
			attributes = {
				LastSwiftUpdateCheck = 1140;
				LastUpgradeCheck = 1140;
				ORGANIZATIONNAME = "Илья Ишунин";
				TargetAttributes = {
					EC571751246C68F0006ECBBA = {
						CreatedOnToolsVersion = 11.4.1;
					};
				};
			};
			buildConfigurationList = EC57174D246C68F0006ECBBA /* Build configuration list for PBXProject "SwiftLessons" */;
			compatibilityVersion = "Xcode 9.3";
			developmentRegion = en;
			hasScannedForEncodings = 0;
			knownRegions = (
				en,
				Base,
			);
			mainGroup = EC571749246C68F0006ECBBA;
			productRefGroup = EC571753246C68F0006ECBBA /* Products */;
			projectDirPath = "";
			projectRoot = "";
			targets = (
				EC571751246C68F0006ECBBA /* SwiftLessons */,
			);
		};
/* End PBXProject section */

/* Begin PBXResourcesBuildPhase section */
		EC571750246C68F0006ECBBA /* Resources */ = {
			isa = PBXResourcesBuildPhase;
			buildActionMask = 2147483647;
			files = (
				EC571762246C68F2006ECBBA /* LaunchScreen.storyboard in Resources */,
				EC57175F246C68F2006ECBBA /* Assets.xcassets in Resources */,
				EC57175D246C68F0006ECBBA /* Main.storyboard in Resources */,
			);
			runOnlyForDeploymentPostprocessing = 0;
		};
/* End PBXResourcesBuildPhase section */

/* Begin PBXSourcesBuildPhase section */
		EC57174E246C68F0006ECBBA /* Sources */ = {
			isa = PBXSourcesBuildPhase;
			buildActionMask = 2147483647;
			files = (
				EC57175A246C68F0006ECBBA /* ViewController.swift in Sources */,
				EC571756246C68F0006ECBBA /* AppDelegate.swift in Sources */,
				EC571758246C68F0006ECBBA /* SceneDelegate.swift in Sources */,
			);
			runOnlyForDeploymentPostprocessing = 0;
		};
/* End PBXSourcesBuildPhase section */

/* Begin PBXVariantGroup section */
		EC57175B246C68F0006ECBBA /* Main.storyboard */ = {
			isa = PBXVariantGroup;
			children = (
				EC57175C246C68F0006ECBBA /* Base */,
			);
			name = Main.storyboard;
			sourceTree = "<group>";
		};
		EC571760246C68F2006ECBBA /* LaunchScreen.storyboard */ = {
			isa = PBXVariantGroup;
			children = (
				EC571761246C68F2006ECBBA /* Base */,
			);
			name = LaunchScreen.storyboard;
			sourceTree = "<group>";
		};
/* End PBXVariantGroup section */

/* Begin XCBuildConfiguration section */
		EC571764246C68F2006ECBBA /* Debug */ = {
			isa = XCBuildConfiguration;
			buildSettings = {
				ALWAYS_SEARCH_USER_PATHS = NO;
				CLANG_ANALYZER_NONNULL = YES;
				CLANG_ANALYZER_NUMBER_OBJECT_CONVERSION = YES_AGGRESSIVE;
				CLANG_CXX_LANGUAGE_STANDARD = "gnu++14";
				CLANG_CXX_LIBRARY = "libc++";
				CLANG_ENABLE_MODULES = YES;
				CLANG_ENABLE_OBJC_ARC = YES;
				CLANG_ENABLE_OBJC_WEAK = YES;
				CLANG_WARN_BLOCK_CAPTURE_AUTORELEASING = YES;
				CLANG_WARN_BOOL_CONVERSION = YES;
				CLANG_WARN_COMMA = YES;
				CLANG_WARN_CONSTANT_CONVERSION = YES;
				CLANG_WARN_DEPRECATED_OBJC_IMPLEMENTATIONS = YES;
				CLANG_WARN_DIRECT_OBJC_ISA_USAGE = YES_ERROR;
				CLANG_WARN_DOCUMENTATION_COMMENTS = YES;
				CLANG_WARN_EMPTY_BODY = YES;
				CLANG_WARN_ENUM_CONVERSION = YES;
				CLANG_WARN_INFINITE_RECURSION = YES;
				CLANG_WARN_INT_CONVERSION = YES;
				CLANG_WARN_NON_LITERAL_NULL_CONVERSION = YES;
				CLANG_WARN_OBJC_IMPLICIT_RETAIN_SELF = YES;
				CLANG_WARN_OBJC_LITERAL_CONVERSION = YES;
				CLANG_WARN_OBJC_ROOT_CLASS = YES_ERROR;
				CLANG_WARN_RANGE_LOOP_ANALYSIS = YES;
				CLANG_WARN_STRICT_PROTOTYPES = YES;
				CLANG_WARN_SUSPICIOUS_MOVE = YES;
				CLANG_WARN_UNGUARDED_AVAILABILITY = YES_AGGRESSIVE;
				CLANG_WARN_UNREACHABLE_CODE = YES;
				CLANG_WARN__DUPLICATE_METHOD_MATCH = YES;
				COPY_PHASE_STRIP = NO;
				DEBUG_INFORMATION_FORMAT = dwarf;
				ENABLE_STRICT_OBJC_MSGSEND = YES;
				ENABLE_TESTABILITY = YES;
				GCC_C_LANGUAGE_STANDARD = gnu11;
				GCC_DYNAMIC_NO_PIC = NO;
				GCC_NO_COMMON_BLOCKS = YES;
				GCC_OPTIMIZATION_LEVEL = 0;
				GCC_PREPROCESSOR_DEFINITIONS = (
					"DEBUG=1",
					"$(inherited)",
				);
				GCC_WARN_64_TO_32_BIT_CONVERSION = YES;
				GCC_WARN_ABOUT_RETURN_TYPE = YES_ERROR;
				GCC_WARN_UNDECLARED_SELECTOR = YES;
				GCC_WARN_UNINITIALIZED_AUTOS = YES_AGGRESSIVE;
				GCC_WARN_UNUSED_FUNCTION = YES;
				GCC_WARN_UNUSED_VARIABLE = YES;
				IPHONEOS_DEPLOYMENT_TARGET = 13.4;
				MTL_ENABLE_DEBUG_INFO = INCLUDE_SOURCE;
				MTL_FAST_MATH = YES;
				ONLY_ACTIVE_ARCH = YES;
				SDKROOT = iphoneos;
				SWIFT_ACTIVE_COMPILATION_CONDITIONS = DEBUG;
				SWIFT_OPTIMIZATION_LEVEL = "-Onone";
			};
			name = Debug;
		};
		EC571765246C68F2006ECBBA /* Release */ = {
			isa = XCBuildConfiguration;
			buildSettings = {
				ALWAYS_SEARCH_USER_PATHS = NO;
				CLANG_ANALYZER_NONNULL = YES;
				CLANG_ANALYZER_NUMBER_OBJECT_CONVERSION = YES_AGGRESSIVE;
				CLANG_CXX_LANGUAGE_STANDARD = "gnu++14";
				CLANG_CXX_LIBRARY = "libc++";
				CLANG_ENABLE_MODULES = YES;
				CLANG_ENABLE_OBJC_ARC = YES;
				CLANG_ENABLE_OBJC_WEAK = YES;
				CLANG_WARN_BLOCK_CAPTURE_AUTORELEASING = YES;
				CLANG_WARN_BOOL_CONVERSION = YES;
				CLANG_WARN_COMMA = YES;
				CLANG_WARN_CONSTANT_CONVERSION = YES;
				CLANG_WARN_DEPRECATED_OBJC_IMPLEMENTATIONS = YES;
				CLANG_WARN_DIRECT_OBJC_ISA_USAGE = YES_ERROR;
				CLANG_WARN_DOCUMENTATION_COMMENTS = YES;
				CLANG_WARN_EMPTY_BODY = YES;
				CLANG_WARN_ENUM_CONVERSION = YES;
				CLANG_WARN_INFINITE_RECURSION = YES;
				CLANG_WARN_INT_CONVERSION = YES;
				CLANG_WARN_NON_LITERAL_NULL_CONVERSION = YES;
				CLANG_WARN_OBJC_IMPLICIT_RETAIN_SELF = YES;
				CLANG_WARN_OBJC_LITERAL_CONVERSION = YES;
				CLANG_WARN_OBJC_ROOT_CLASS = YES_ERROR;
				CLANG_WARN_RANGE_LOOP_ANALYSIS = YES;
				CLANG_WARN_STRICT_PROTOTYPES = YES;
				CLANG_WARN_SUSPICIOUS_MOVE = YES;
				CLANG_WARN_UNGUARDED_AVAILABILITY = YES_AGGRESSIVE;
				CLANG_WARN_UNREACHABLE_CODE = YES;
				CLANG_WARN__DUPLICATE_METHOD_MATCH = YES;
				COPY_PHASE_STRIP = NO;
				DEBUG_INFORMATION_FORMAT = "dwarf-with-dsym";
				ENABLE_NS_ASSERTIONS = NO;
				ENABLE_STRICT_OBJC_MSGSEND = YES;
				GCC_C_LANGUAGE_STANDARD = gnu11;
				GCC_NO_COMMON_BLOCKS = YES;
				GCC_WARN_64_TO_32_BIT_CONVERSION = YES;
				GCC_WARN_ABOUT_RETURN_TYPE = YES_ERROR;
				GCC_WARN_UNDECLARED_SELECTOR = YES;
				GCC_WARN_UNINITIALIZED_AUTOS = YES_AGGRESSIVE;
				GCC_WARN_UNUSED_FUNCTION = YES;
				GCC_WARN_UNUSED_VARIABLE = YES;
				IPHONEOS_DEPLOYMENT_TARGET = 13.4;
				MTL_ENABLE_DEBUG_INFO = NO;
				MTL_FAST_MATH = YES;
				SDKROOT = iphoneos;
				SWIFT_COMPILATION_MODE = wholemodule;
				SWIFT_OPTIMIZATION_LEVEL = "-O";
				VALIDATE_PRODUCT = YES;
			};
			name = Release;
		};
		EC571767246C68F2006ECBBA /* Debug */ = {
			isa = XCBuildConfiguration;
			buildSettings = {
				ASSETCATALOG_COMPILER_APPICON_NAME = AppIcon;
				CODE_SIGN_STYLE = Automatic;
				INFOPLIST_FILE = SwiftLessons/Info.plist;
				LD_RUNPATH_SEARCH_PATHS = (
					"$(inherited)",
					"@executable_path/Frameworks",
				);
				PRODUCT_BUNDLE_IDENTIFIER = test.SwiftLessons;
				PRODUCT_NAME = "$(TARGET_NAME)";
				SWIFT_VERSION = 5.0;
				TARGETED_DEVICE_FAMILY = "1,2";
			};
			name = Debug;
		};
		EC571768246C68F2006ECBBA /* Release */ = {
			isa = XCBuildConfiguration;
			buildSettings = {
				ASSETCATALOG_COMPILER_APPICON_NAME = AppIcon;
				CODE_SIGN_STYLE = Automatic;
				INFOPLIST_FILE = SwiftLessons/Info.plist;
				LD_RUNPATH_SEARCH_PATHS = (
					"$(inherited)",
					"@executable_path/Frameworks",
				);
				PRODUCT_BUNDLE_IDENTIFIER = test.SwiftLessons;
				PRODUCT_NAME = "$(TARGET_NAME)";
				SWIFT_VERSION = 5.0;
				TARGETED_DEVICE_FAMILY = "1,2";
			};
			name = Release;
		};
/* End XCBuildConfiguration section */

/* Begin XCConfigurationList section */
		EC57174D246C68F0006ECBBA /* Build configuration list for PBXProject "SwiftLessons" */ = {
			isa = XCConfigurationList;
			buildConfigurations = (
				EC571764246C68F2006ECBBA /* Debug */,
				EC571765246C68F2006ECBBA /* Release */,
			);
			defaultConfigurationIsVisible = 0;
			defaultConfigurationName = Release;
		};
		EC571766246C68F2006ECBBA /* Build configuration list for PBXNativeTarget "SwiftLessons" */ = {
			isa = XCConfigurationList;
			buildConfigurations = (
				EC571767246C68F2006ECBBA /* Debug */,
				EC571768246C68F2006ECBBA /* Release */,
			);
			defaultConfigurationIsVisible = 0;
			defaultConfigurationName = Release;
		};
/* End XCConfigurationList section */
	};
	rootObject = EC57174A246C68F0006ECBBA /* Project object */;
}
